
Microsoft Visual Studio Solution File, Format Version 12.00
# Visual Studio Version 17
VisualStudioVersion = 17.2.32630.192
MinimumVisualStudioVersion = 10.0.40219.1
Project("{9A19103F-16F7-4668-BE54-9A1E7A4F7556}") = "R5T.F0141", "R5T.F0141\R5T.F0141.csproj", "{87927FD9-8C8E-4341-8C0C-FF82BD6F8ECB}"
EndProject
Project("{2150E333-8FDC-42A3-9474-1A3956D46DE8}") = "_Dependencies", "_Dependencies", "{C0BA24E0-1EC1-4DE7-93CE-42214A064282}"
EndProject
Project("{9A19103F-16F7-4668-BE54-9A1E7A4F7556}") = "R5T.F0000", "..\..\R5T.F0000\source\R5T.F0000\R5T.F0000.csproj", "{0EA553A7-5FAE-4CF6-9B81-A5EA706F6D99}"
EndProject
Project("{9A19103F-16F7-4668-BE54-9A1E7A4F7556}") = "R5T.F0002", "..\..\R5T.F0002\source\R5T.F0002\R5T.F0002.csproj", "{1D88886B-10D2-4297-906C-278E2D5C1F1A}"
EndProject
Project("{9A19103F-16F7-4668-BE54-9A1E7A4F7556}") = "R5T.F0120", "..\..\R5T.F0120\source\R5T.F0120\R5T.F0120.csproj", "{20F656C1-986C-43C4-AF0A-C0B5763D3E64}"
EndProject
Project("{9A19103F-16F7-4668-BE54-9A1E7A4F7556}") = "R5T.F0124", "..\..\R5T.F0124\source\R5T.F0124\R5T.F0124.csproj", "{37875F51-5DC4-4389-93AB-6670D92D22E8}"
EndProject
Project("{9A19103F-16F7-4668-BE54-9A1E7A4F7556}") = "R5T.F0125", "..\..\R5T.F0125\source\R5T.F0125\R5T.F0125.csproj", "{FBFA281A-798A-4479-864A-6E5018DBC10C}"
EndProject
Project("{9A19103F-16F7-4668-BE54-9A1E7A4F7556}") = "R5T.F0138", "..\..\R5T.F0138\source\R5T.F0138\R5T.F0138.csproj", "{D9DB77DF-56AA-4724-8A38-811876BE92D2}"
EndProject
Project("{9A19103F-16F7-4668-BE54-9A1E7A4F7556}") = "R5T.F0139", "..\..\R5T.F0139\source\R5T.F0139\R5T.F0139.csproj", "{381CED87-6FDE-413E-8446-595DDEACB6D1}"
EndProject
Project("{9A19103F-16F7-4668-BE54-9A1E7A4F7556}") = "R5T.F0140", "..\..\R5T.F0140\source\R5T.F0140\R5T.F0140.csproj", "{3B797501-A22E-4B61-93ED-5CCC8095BA89}"
EndProject
Project("{9A19103F-16F7-4668-BE54-9A1E7A4F7556}") = "R5T.L0030.T000", "..\..\R5T.L0030\source\R5T.L0030.T000\R5T.L0030.T000.csproj", "{5800811F-F21A-4A6A-A321-A40CEEE5AB65}"
EndProject
Project("{9A19103F-16F7-4668-BE54-9A1E7A4F7556}") = "R5T.L0030", "..\..\R5T.L0030\source\R5T.L0030\R5T.L0030.csproj", "{71F78CD5-3F57-42F5-8250-FDBD73640853}"
EndProject
Project("{9A19103F-16F7-4668-BE54-9A1E7A4F7556}") = "R5T.L0034", "..\..\R5T.L0034\source\R5T.L0034\R5T.L0034.csproj", "{417E3A54-7575-42AF-A588-EC1EE459F74B}"
EndProject
Project("{9A19103F-16F7-4668-BE54-9A1E7A4F7556}") = "R5T.L0035", "..\..\R5T.L0035\source\R5T.L0035\R5T.L0035.csproj", "{73FB1420-E133-451B-9712-355C8E8882C9}"
EndProject
Project("{9A19103F-16F7-4668-BE54-9A1E7A4F7556}") = "R5T.NG0022", "..\..\R5T.NG0022\source\R5T.NG0022\R5T.NG0022.csproj", "{96237616-4A89-4D4D-9C4F-E3E5A2F684AA}"
EndProject
Project("{9A19103F-16F7-4668-BE54-9A1E7A4F7556}") = "R5T.T0131", "..\..\R5T.T0131\source\R5T.T0131\R5T.T0131.csproj", "{00D98A73-6574-47D3-9396-F32B563F172A}"
EndProject
Project("{9A19103F-16F7-4668-BE54-9A1E7A4F7556}") = "R5T.T0132", "..\..\R5T.T0132\source\R5T.T0132\R5T.T0132.csproj", "{8CF5503B-DD6B-4A27-A859-31380DC3F361}"
EndProject
Project("{9A19103F-16F7-4668-BE54-9A1E7A4F7556}") = "R5T.T0142", "..\..\R5T.T0142\source\R5T.T0142\R5T.T0142.csproj", "{AEF6D31B-D8CB-40A2-905F-E709D11D11CA}"
EndProject
Project("{9A19103F-16F7-4668-BE54-9A1E7A4F7556}") = "R5T.T0143", "..\..\R5T.T0143\source\R5T.T0143\R5T.T0143.csproj", "{F9CF2A5C-04B5-4877-94AF-EF64FE9010BE}"
EndProject
Project("{9A19103F-16F7-4668-BE54-9A1E7A4F7556}") = "R5T.T0150", "..\..\R5T.T0150\source\R5T.T0150\R5T.T0150.csproj", "{71CFD12F-A9AC-439C-A999-B23946C7FD7C}"
EndProject
Project("{9A19103F-16F7-4668-BE54-9A1E7A4F7556}") = "R5T.T0151", "..\..\R5T.T0151\source\R5T.T0151\R5T.T0151.csproj", "{A2DFE646-E190-4084-B1D6-B088FDE6A1A4}"
EndProject
Project("{9A19103F-16F7-4668-BE54-9A1E7A4F7556}") = "R5T.T0156", "..\..\R5T.T0156\source\R5T.T0156\R5T.T0156.csproj", "{8EE7DFFA-A1CF-49FD-89A5-DF2D554AF210}"
EndProject
Project("{9A19103F-16F7-4668-BE54-9A1E7A4F7556}") = "R5T.T0172", "..\..\R5T.T0172\source\R5T.T0172\R5T.T0172.csproj", "{EB439CE3-8CFF-4688-8DD0-D96FEE3467CB}"
EndProject
Project("{9A19103F-16F7-4668-BE54-9A1E7A4F7556}") = "R5T.T0174", "..\..\R5T.T0174\source\R5T.T0174\R5T.T0174.csproj", "{FED39B29-D954-4201-9102-A05795486FC5}"
EndProject
Project("{9A19103F-16F7-4668-BE54-9A1E7A4F7556}") = "R5T.T0176", "..\..\R5T.T0176\source\R5T.T0176\R5T.T0176.csproj", "{452433F8-CA53-4C22-80A3-276F0D9AFFF0}"
EndProject
Project("{9A19103F-16F7-4668-BE54-9A1E7A4F7556}") = "R5T.T0177", "..\..\R5T.T0177\source\R5T.T0177\R5T.T0177.csproj", "{7C0CF496-CC7A-4048-9A88-B3EDCA61E30A}"
EndProject
Project("{9A19103F-16F7-4668-BE54-9A1E7A4F7556}") = "R5T.T0178", "..\..\R5T.T0178\source\R5T.T0178\R5T.T0178.csproj", "{7FB00AAD-195C-41AB-AD30-7D5C8B9E74C7}"
EndProject
Project("{9A19103F-16F7-4668-BE54-9A1E7A4F7556}") = "R5T.T0179", "..\..\R5T.T0179\source\R5T.T0179\R5T.T0179.csproj", "{955B9B5E-D02D-4A7D-8BCD-DCF7119B87EA}"
EndProject
Project("{9A19103F-16F7-4668-BE54-9A1E7A4F7556}") = "R5T.T0180", "..\..\R5T.T0180\source\R5T.T0180\R5T.T0180.csproj", "{7D0FD92B-2446-495D-97FF-21C56A14382B}"
EndProject
Project("{9A19103F-16F7-4668-BE54-9A1E7A4F7556}") = "R5T.T0181", "..\..\R5T.T0181\source\R5T.T0181\R5T.T0181.csproj", "{FA02E07A-73B8-4763-93BB-3EA217E99243}"
EndProject
Project("{9A19103F-16F7-4668-BE54-9A1E7A4F7556}") = "R5T.T0185", "..\..\R5T.T0185\source\R5T.T0185\R5T.T0185.csproj", "{3D8AAD3A-A08A-423B-B550-1BA17EF2ED08}"
EndProject
Project("{9A19103F-16F7-4668-BE54-9A1E7A4F7556}") = "R5T.T0203", "..\..\R5T.T0203\source\R5T.T0203\R5T.T0203.csproj", "{4E5E44A1-8757-4615-A448-8AAB8625154C}"
EndProject
Project("{9A19103F-16F7-4668-BE54-9A1E7A4F7556}") = "R5T.T0214.Z001", "..\..\R5T.T0214\source\R5T.T0214.Z001\R5T.T0214.Z001.csproj", "{35DDEA7E-680D-4A20-9613-586514505F65}"
EndProject
Project("{9A19103F-16F7-4668-BE54-9A1E7A4F7556}") = "R5T.T0214", "..\..\R5T.T0214\source\R5T.T0214\R5T.T0214.csproj", "{A5AB3F59-6B54-47B6-8F6F-1791FEB8D770}"
EndProject
Project("{9A19103F-16F7-4668-BE54-9A1E7A4F7556}") = "R5T.T0215.Z000", "..\..\R5T.T0215\source\R5T.T0215.Z000\R5T.T0215.Z000.csproj", "{695780F6-3A3C-4D02-8AE7-E9535C69D947}"
EndProject
Project("{9A19103F-16F7-4668-BE54-9A1E7A4F7556}") = "R5T.T0215", "..\..\R5T.T0215\source\R5T.T0215\R5T.T0215.csproj", "{9D1E32CF-ADA3-436A-9EEC-A72CAF321EC5}"
EndProject
Project("{9A19103F-16F7-4668-BE54-9A1E7A4F7556}") = "R5T.T0216.F001", "..\..\R5T.T0216\source\R5T.T0216.F001\R5T.T0216.F001.csproj", "{7CC78126-8A48-49A1-9A18-C0FE58436F78}"
EndProject
Project("{9A19103F-16F7-4668-BE54-9A1E7A4F7556}") = "R5T.T0216", "..\..\R5T.T0216\source\R5T.T0216\R5T.T0216.csproj", "{1F18506D-B357-4F85-A85E-7A3487D4DA4F}"
EndProject
Project("{9A19103F-16F7-4668-BE54-9A1E7A4F7556}") = "R5T.T0217.F001", "..\..\R5T.T0217\source\R5T.T0217.F001\R5T.T0217.F001.csproj", "{01D837BB-E8C3-47D1-BEF5-39FC18EDD5A7}"
EndProject
Project("{9A19103F-16F7-4668-BE54-9A1E7A4F7556}") = "R5T.T0217", "..\..\R5T.T0217\source\R5T.T0217\R5T.T0217.csproj", "{AD29772D-1FDE-44BB-9AF1-7C01D2BBA8D2}"
EndProject
Project("{9A19103F-16F7-4668-BE54-9A1E7A4F7556}") = "R5T.T0218", "..\..\R5T.T0218\source\R5T.T0218\R5T.T0218.csproj", "{D73C7D07-CB28-4F0E-A750-61A694C7B8D4}"
EndProject
Project("{9A19103F-16F7-4668-BE54-9A1E7A4F7556}") = "R5T.T0219", "..\..\R5T.T0219\source\R5T.T0219\R5T.T0219.csproj", "{E3596539-F224-44E9-B524-4C2F0039CEC5}"
EndProject
Project("{9A19103F-16F7-4668-BE54-9A1E7A4F7556}") = "R5T.Y0000", "..\..\R5T.Y0000\source\R5T.Y0000\R5T.Y0000.csproj", "{3C6CF51D-1BAE-443B-A6B6-8449B5B780B1}"
EndProject
Project("{9A19103F-16F7-4668-BE54-9A1E7A4F7556}") = "R5T.Z0000", "..\..\R5T.Z0000\source\R5T.Z0000\R5T.Z0000.csproj", "{61F45857-2D9E-464A-B24E-0D28E9B3EB2D}"
EndProject
Project("{9A19103F-16F7-4668-BE54-9A1E7A4F7556}") = "R5T.Z0044.Z000", "..\..\R5T.Z0044\source\R5T.Z0044.Z000\R5T.Z0044.Z000.csproj", "{51DA11F8-19BA-4EF1-97FE-AB511C72F7E6}"
EndProject
Project("{9A19103F-16F7-4668-BE54-9A1E7A4F7556}") = "R5T.Z0057", "..\..\R5T.Z0057\source\R5T.Z0057\R5T.Z0057.csproj", "{6A1CD26F-8239-4F6C-AF90-1950FE014E27}"
EndProject
Project("{9A19103F-16F7-4668-BE54-9A1E7A4F7556}") = "R5T.Z0058", "..\..\R5T.Z0058\source\R5T.Z0058\R5T.Z0058.csproj", "{3AFAFD07-EE2A-4CC2-9947-74605E35ED51}"
EndProject
Global
	GlobalSection(NestedProjects) = preSolution
		{0EA553A7-5FAE-4CF6-9B81-A5EA706F6D99} = {C0BA24E0-1EC1-4DE7-93CE-42214A064282}
		{1D88886B-10D2-4297-906C-278E2D5C1F1A} = {C0BA24E0-1EC1-4DE7-93CE-42214A064282}
		{20F656C1-986C-43C4-AF0A-C0B5763D3E64} = {C0BA24E0-1EC1-4DE7-93CE-42214A064282}
		{37875F51-5DC4-4389-93AB-6670D92D22E8} = {C0BA24E0-1EC1-4DE7-93CE-42214A064282}
		{FBFA281A-798A-4479-864A-6E5018DBC10C} = {C0BA24E0-1EC1-4DE7-93CE-42214A064282}
		{D9DB77DF-56AA-4724-8A38-811876BE92D2} = {C0BA24E0-1EC1-4DE7-93CE-42214A064282}
		{381CED87-6FDE-413E-8446-595DDEACB6D1} = {C0BA24E0-1EC1-4DE7-93CE-42214A064282}
		{3B797501-A22E-4B61-93ED-5CCC8095BA89} = {C0BA24E0-1EC1-4DE7-93CE-42214A064282}
		{5800811F-F21A-4A6A-A321-A40CEEE5AB65} = {C0BA24E0-1EC1-4DE7-93CE-42214A064282}
		{71F78CD5-3F57-42F5-8250-FDBD73640853} = {C0BA24E0-1EC1-4DE7-93CE-42214A064282}
		{417E3A54-7575-42AF-A588-EC1EE459F74B} = {C0BA24E0-1EC1-4DE7-93CE-42214A064282}
		{73FB1420-E133-451B-9712-355C8E8882C9} = {C0BA24E0-1EC1-4DE7-93CE-42214A064282}
		{96237616-4A89-4D4D-9C4F-E3E5A2F684AA} = {C0BA24E0-1EC1-4DE7-93CE-42214A064282}
		{00D98A73-6574-47D3-9396-F32B563F172A} = {C0BA24E0-1EC1-4DE7-93CE-42214A064282}
		{8CF5503B-DD6B-4A27-A859-31380DC3F361} = {C0BA24E0-1EC1-4DE7-93CE-42214A064282}
		{AEF6D31B-D8CB-40A2-905F-E709D11D11CA} = {C0BA24E0-1EC1-4DE7-93CE-42214A064282}
		{F9CF2A5C-04B5-4877-94AF-EF64FE9010BE} = {C0BA24E0-1EC1-4DE7-93CE-42214A064282}
		{71CFD12F-A9AC-439C-A999-B23946C7FD7C} = {C0BA24E0-1EC1-4DE7-93CE-42214A064282}
		{A2DFE646-E190-4084-B1D6-B088FDE6A1A4} = {C0BA24E0-1EC1-4DE7-93CE-42214A064282}
		{8EE7DFFA-A1CF-49FD-89A5-DF2D554AF210} = {C0BA24E0-1EC1-4DE7-93CE-42214A064282}
		{EB439CE3-8CFF-4688-8DD0-D96FEE3467CB} = {C0BA24E0-1EC1-4DE7-93CE-42214A064282}
		{FED39B29-D954-4201-9102-A05795486FC5} = {C0BA24E0-1EC1-4DE7-93CE-42214A064282}
		{452433F8-CA53-4C22-80A3-276F0D9AFFF0} = {C0BA24E0-1EC1-4DE7-93CE-42214A064282}
		{7C0CF496-CC7A-4048-9A88-B3EDCA61E30A} = {C0BA24E0-1EC1-4DE7-93CE-42214A064282}
		{7FB00AAD-195C-41AB-AD30-7D5C8B9E74C7} = {C0BA24E0-1EC1-4DE7-93CE-42214A064282}
		{955B9B5E-D02D-4A7D-8BCD-DCF7119B87EA} = {C0BA24E0-1EC1-4DE7-93CE-42214A064282}
		{7D0FD92B-2446-495D-97FF-21C56A14382B} = {C0BA24E0-1EC1-4DE7-93CE-42214A064282}
		{FA02E07A-73B8-4763-93BB-3EA217E99243} = {C0BA24E0-1EC1-4DE7-93CE-42214A064282}
		{3D8AAD3A-A08A-423B-B550-1BA17EF2ED08} = {C0BA24E0-1EC1-4DE7-93CE-42214A064282}
		{4E5E44A1-8757-4615-A448-8AAB8625154C} = {C0BA24E0-1EC1-4DE7-93CE-42214A064282}
		{35DDEA7E-680D-4A20-9613-586514505F65} = {C0BA24E0-1EC1-4DE7-93CE-42214A064282}
		{A5AB3F59-6B54-47B6-8F6F-1791FEB8D770} = {C0BA24E0-1EC1-4DE7-93CE-42214A064282}
		{695780F6-3A3C-4D02-8AE7-E9535C69D947} = {C0BA24E0-1EC1-4DE7-93CE-42214A064282}
		{9D1E32CF-ADA3-436A-9EEC-A72CAF321EC5} = {C0BA24E0-1EC1-4DE7-93CE-42214A064282}
		{7CC78126-8A48-49A1-9A18-C0FE58436F78} = {C0BA24E0-1EC1-4DE7-93CE-42214A064282}
		{1F18506D-B357-4F85-A85E-7A3487D4DA4F} = {C0BA24E0-1EC1-4DE7-93CE-42214A064282}
		{01D837BB-E8C3-47D1-BEF5-39FC18EDD5A7} = {C0BA24E0-1EC1-4DE7-93CE-42214A064282}
		{AD29772D-1FDE-44BB-9AF1-7C01D2BBA8D2} = {C0BA24E0-1EC1-4DE7-93CE-42214A064282}
		{D73C7D07-CB28-4F0E-A750-61A694C7B8D4} = {C0BA24E0-1EC1-4DE7-93CE-42214A064282}
		{E3596539-F224-44E9-B524-4C2F0039CEC5} = {C0BA24E0-1EC1-4DE7-93CE-42214A064282}
		{3C6CF51D-1BAE-443B-A6B6-8449B5B780B1} = {C0BA24E0-1EC1-4DE7-93CE-42214A064282}
		{61F45857-2D9E-464A-B24E-0D28E9B3EB2D} = {C0BA24E0-1EC1-4DE7-93CE-42214A064282}
		{51DA11F8-19BA-4EF1-97FE-AB511C72F7E6} = {C0BA24E0-1EC1-4DE7-93CE-42214A064282}
		{6A1CD26F-8239-4F6C-AF90-1950FE014E27} = {C0BA24E0-1EC1-4DE7-93CE-42214A064282}
		{3AFAFD07-EE2A-4CC2-9947-74605E35ED51} = {C0BA24E0-1EC1-4DE7-93CE-42214A064282}
	EndGlobalSection
	GlobalSection(SolutionConfigurationPlatforms) = preSolution
		Debug|Any CPU = Debug|Any CPU
		Release|Any CPU = Release|Any CPU
	EndGlobalSection
	GlobalSection(ProjectConfigurationPlatforms) = postSolution
		{87927FD9-8C8E-4341-8C0C-FF82BD6F8ECB}.Debug|Any CPU.ActiveCfg = Debug|Any CPU
		{87927FD9-8C8E-4341-8C0C-FF82BD6F8ECB}.Debug|Any CPU.Build.0 = Debug|Any CPU
		{87927FD9-8C8E-4341-8C0C-FF82BD6F8ECB}.Release|Any CPU.ActiveCfg = Release|Any CPU
		{87927FD9-8C8E-4341-8C0C-FF82BD6F8ECB}.Release|Any CPU.Build.0 = Release|Any CPU
		{0EA553A7-5FAE-4CF6-9B81-A5EA706F6D99}.Debug|Any CPU.ActiveCfg = Debug|Any CPU
		{0EA553A7-5FAE-4CF6-9B81-A5EA706F6D99}.Debug|Any CPU.Build.0 = Debug|Any CPU
		{0EA553A7-5FAE-4CF6-9B81-A5EA706F6D99}.Release|Any CPU.ActiveCfg = Release|Any CPU
		{0EA553A7-5FAE-4CF6-9B81-A5EA706F6D99}.Release|Any CPU.Build.0 = Release|Any CPU
		{1D88886B-10D2-4297-906C-278E2D5C1F1A}.Debug|Any CPU.ActiveCfg = Debug|Any CPU
		{1D88886B-10D2-4297-906C-278E2D5C1F1A}.Debug|Any CPU.Build.0 = Debug|Any CPU
		{1D88886B-10D2-4297-906C-278E2D5C1F1A}.Release|Any CPU.ActiveCfg = Release|Any CPU
		{1D88886B-10D2-4297-906C-278E2D5C1F1A}.Release|Any CPU.Build.0 = Release|Any CPU
		{20F656C1-986C-43C4-AF0A-C0B5763D3E64}.Debug|Any CPU.ActiveCfg = Debug|Any CPU
		{20F656C1-986C-43C4-AF0A-C0B5763D3E64}.Debug|Any CPU.Build.0 = Debug|Any CPU
		{20F656C1-986C-43C4-AF0A-C0B5763D3E64}.Release|Any CPU.ActiveCfg = Release|Any CPU
		{20F656C1-986C-43C4-AF0A-C0B5763D3E64}.Release|Any CPU.Build.0 = Release|Any CPU
		{37875F51-5DC4-4389-93AB-6670D92D22E8}.Debug|Any CPU.ActiveCfg = Debug|Any CPU
		{37875F51-5DC4-4389-93AB-6670D92D22E8}.Debug|Any CPU.Build.0 = Debug|Any CPU
		{37875F51-5DC4-4389-93AB-6670D92D22E8}.Release|Any CPU.ActiveCfg = Release|Any CPU
		{37875F51-5DC4-4389-93AB-6670D92D22E8}.Release|Any CPU.Build.0 = Release|Any CPU
		{FBFA281A-798A-4479-864A-6E5018DBC10C}.Debug|Any CPU.ActiveCfg = Debug|Any CPU
		{FBFA281A-798A-4479-864A-6E5018DBC10C}.Debug|Any CPU.Build.0 = Debug|Any CPU
		{FBFA281A-798A-4479-864A-6E5018DBC10C}.Release|Any CPU.ActiveCfg = Release|Any CPU
		{FBFA281A-798A-4479-864A-6E5018DBC10C}.Release|Any CPU.Build.0 = Release|Any CPU
		{D9DB77DF-56AA-4724-8A38-811876BE92D2}.Debug|Any CPU.ActiveCfg = Debug|Any CPU
		{D9DB77DF-56AA-4724-8A38-811876BE92D2}.Debug|Any CPU.Build.0 = Debug|Any CPU
		{D9DB77DF-56AA-4724-8A38-811876BE92D2}.Release|Any CPU.ActiveCfg = Release|Any CPU
		{D9DB77DF-56AA-4724-8A38-811876BE92D2}.Release|Any CPU.Build.0 = Release|Any CPU
		{381CED87-6FDE-413E-8446-595DDEACB6D1}.Debug|Any CPU.ActiveCfg = Debug|Any CPU
		{381CED87-6FDE-413E-8446-595DDEACB6D1}.Debug|Any CPU.Build.0 = Debug|Any CPU
		{381CED87-6FDE-413E-8446-595DDEACB6D1}.Release|Any CPU.ActiveCfg = Release|Any CPU
		{381CED87-6FDE-413E-8446-595DDEACB6D1}.Release|Any CPU.Build.0 = Release|Any CPU
		{3B797501-A22E-4B61-93ED-5CCC8095BA89}.Debug|Any CPU.ActiveCfg = Debug|Any CPU
		{3B797501-A22E-4B61-93ED-5CCC8095BA89}.Debug|Any CPU.Build.0 = Debug|Any CPU
		{3B797501-A22E-4B61-93ED-5CCC8095BA89}.Release|Any CPU.ActiveCfg = Release|Any CPU
		{3B797501-A22E-4B61-93ED-5CCC8095BA89}.Release|Any CPU.Build.0 = Release|Any CPU
		{5800811F-F21A-4A6A-A321-A40CEEE5AB65}.Debug|Any CPU.ActiveCfg = Debug|Any CPU
		{5800811F-F21A-4A6A-A321-A40CEEE5AB65}.Debug|Any CPU.Build.0 = Debug|Any CPU
		{5800811F-F21A-4A6A-A321-A40CEEE5AB65}.Release|Any CPU.ActiveCfg = Release|Any CPU
		{5800811F-F21A-4A6A-A321-A40CEEE5AB65}.Release|Any CPU.Build.0 = Release|Any CPU
		{71F78CD5-3F57-42F5-8250-FDBD73640853}.Debug|Any CPU.ActiveCfg = Debug|Any CPU
		{71F78CD5-3F57-42F5-8250-FDBD73640853}.Debug|Any CPU.Build.0 = Debug|Any CPU
		{71F78CD5-3F57-42F5-8250-FDBD73640853}.Release|Any CPU.ActiveCfg = Release|Any CPU
		{71F78CD5-3F57-42F5-8250-FDBD73640853}.Release|Any CPU.Build.0 = Release|Any CPU
		{417E3A54-7575-42AF-A588-EC1EE459F74B}.Debug|Any CPU.ActiveCfg = Debug|Any CPU
		{417E3A54-7575-42AF-A588-EC1EE459F74B}.Debug|Any CPU.Build.0 = Debug|Any CPU
		{417E3A54-7575-42AF-A588-EC1EE459F74B}.Release|Any CPU.ActiveCfg = Release|Any CPU
		{417E3A54-7575-42AF-A588-EC1EE459F74B}.Release|Any CPU.Build.0 = Release|Any CPU
		{73FB1420-E133-451B-9712-355C8E8882C9}.Debug|Any CPU.ActiveCfg = Debug|Any CPU
		{73FB1420-E133-451B-9712-355C8E8882C9}.Debug|Any CPU.Build.0 = Debug|Any CPU
		{73FB1420-E133-451B-9712-355C8E8882C9}.Release|Any CPU.ActiveCfg = Release|Any CPU
		{73FB1420-E133-451B-9712-355C8E8882C9}.Release|Any CPU.Build.0 = Release|Any CPU
		{96237616-4A89-4D4D-9C4F-E3E5A2F684AA}.Debug|Any CPU.ActiveCfg = Debug|Any CPU
		{96237616-4A89-4D4D-9C4F-E3E5A2F684AA}.Debug|Any CPU.Build.0 = Debug|Any CPU
		{96237616-4A89-4D4D-9C4F-E3E5A2F684AA}.Release|Any CPU.ActiveCfg = Release|Any CPU
		{96237616-4A89-4D4D-9C4F-E3E5A2F684AA}.Release|Any CPU.Build.0 = Release|Any CPU
		{00D98A73-6574-47D3-9396-F32B563F172A}.Debug|Any CPU.ActiveCfg = Debug|Any CPU
		{00D98A73-6574-47D3-9396-F32B563F172A}.Debug|Any CPU.Build.0 = Debug|Any CPU
		{00D98A73-6574-47D3-9396-F32B563F172A}.Release|Any CPU.ActiveCfg = Release|Any CPU
		{00D98A73-6574-47D3-9396-F32B563F172A}.Release|Any CPU.Build.0 = Release|Any CPU
		{8CF5503B-DD6B-4A27-A859-31380DC3F361}.Debug|Any CPU.ActiveCfg = Debug|Any CPU
		{8CF5503B-DD6B-4A27-A859-31380DC3F361}.Debug|Any CPU.Build.0 = Debug|Any CPU
		{8CF5503B-DD6B-4A27-A859-31380DC3F361}.Release|Any CPU.ActiveCfg = Release|Any CPU
		{8CF5503B-DD6B-4A27-A859-31380DC3F361}.Release|Any CPU.Build.0 = Release|Any CPU
		{AEF6D31B-D8CB-40A2-905F-E709D11D11CA}.Debug|Any CPU.ActiveCfg = Debug|Any CPU
		{AEF6D31B-D8CB-40A2-905F-E709D11D11CA}.Debug|Any CPU.Build.0 = Debug|Any CPU
		{AEF6D31B-D8CB-40A2-905F-E709D11D11CA}.Release|Any CPU.ActiveCfg = Release|Any CPU
		{AEF6D31B-D8CB-40A2-905F-E709D11D11CA}.Release|Any CPU.Build.0 = Release|Any CPU
		{F9CF2A5C-04B5-4877-94AF-EF64FE9010BE}.Debug|Any CPU.ActiveCfg = Debug|Any CPU
		{F9CF2A5C-04B5-4877-94AF-EF64FE9010BE}.Debug|Any CPU.Build.0 = Debug|Any CPU
		{F9CF2A5C-04B5-4877-94AF-EF64FE9010BE}.Release|Any CPU.ActiveCfg = Release|Any CPU
		{F9CF2A5C-04B5-4877-94AF-EF64FE9010BE}.Release|Any CPU.Build.0 = Release|Any CPU
		{71CFD12F-A9AC-439C-A999-B23946C7FD7C}.Debug|Any CPU.ActiveCfg = Debug|Any CPU
		{71CFD12F-A9AC-439C-A999-B23946C7FD7C}.Debug|Any CPU.Build.0 = Debug|Any CPU
		{71CFD12F-A9AC-439C-A999-B23946C7FD7C}.Release|Any CPU.ActiveCfg = Release|Any CPU
		{71CFD12F-A9AC-439C-A999-B23946C7FD7C}.Release|Any CPU.Build.0 = Release|Any CPU
		{A2DFE646-E190-4084-B1D6-B088FDE6A1A4}.Debug|Any CPU.ActiveCfg = Debug|Any CPU
		{A2DFE646-E190-4084-B1D6-B088FDE6A1A4}.Debug|Any CPU.Build.0 = Debug|Any CPU
		{A2DFE646-E190-4084-B1D6-B088FDE6A1A4}.Release|Any CPU.ActiveCfg = Release|Any CPU
		{A2DFE646-E190-4084-B1D6-B088FDE6A1A4}.Release|Any CPU.Build.0 = Release|Any CPU
		{8EE7DFFA-A1CF-49FD-89A5-DF2D554AF210}.Debug|Any CPU.ActiveCfg = Debug|Any CPU
		{8EE7DFFA-A1CF-49FD-89A5-DF2D554AF210}.Debug|Any CPU.Build.0 = Debug|Any CPU
		{8EE7DFFA-A1CF-49FD-89A5-DF2D554AF210}.Release|Any CPU.ActiveCfg = Release|Any CPU
		{8EE7DFFA-A1CF-49FD-89A5-DF2D554AF210}.Release|Any CPU.Build.0 = Release|Any CPU
		{EB439CE3-8CFF-4688-8DD0-D96FEE3467CB}.Debug|Any CPU.ActiveCfg = Debug|Any CPU
		{EB439CE3-8CFF-4688-8DD0-D96FEE3467CB}.Debug|Any CPU.Build.0 = Debug|Any CPU
		{EB439CE3-8CFF-4688-8DD0-D96FEE3467CB}.Release|Any CPU.ActiveCfg = Release|Any CPU
		{EB439CE3-8CFF-4688-8DD0-D96FEE3467CB}.Release|Any CPU.Build.0 = Release|Any CPU
		{FED39B29-D954-4201-9102-A05795486FC5}.Debug|Any CPU.ActiveCfg = Debug|Any CPU
		{FED39B29-D954-4201-9102-A05795486FC5}.Debug|Any CPU.Build.0 = Debug|Any CPU
		{FED39B29-D954-4201-9102-A05795486FC5}.Release|Any CPU.ActiveCfg = Release|Any CPU
		{FED39B29-D954-4201-9102-A05795486FC5}.Release|Any CPU.Build.0 = Release|Any CPU
		{452433F8-CA53-4C22-80A3-276F0D9AFFF0}.Debug|Any CPU.ActiveCfg = Debug|Any CPU
		{452433F8-CA53-4C22-80A3-276F0D9AFFF0}.Debug|Any CPU.Build.0 = Debug|Any CPU
		{452433F8-CA53-4C22-80A3-276F0D9AFFF0}.Release|Any CPU.ActiveCfg = Release|Any CPU
		{452433F8-CA53-4C22-80A3-276F0D9AFFF0}.Release|Any CPU.Build.0 = Release|Any CPU
		{7C0CF496-CC7A-4048-9A88-B3EDCA61E30A}.Debug|Any CPU.ActiveCfg = Debug|Any CPU
		{7C0CF496-CC7A-4048-9A88-B3EDCA61E30A}.Debug|Any CPU.Build.0 = Debug|Any CPU
		{7C0CF496-CC7A-4048-9A88-B3EDCA61E30A}.Release|Any CPU.ActiveCfg = Release|Any CPU
		{7C0CF496-CC7A-4048-9A88-B3EDCA61E30A}.Release|Any CPU.Build.0 = Release|Any CPU
		{7FB00AAD-195C-41AB-AD30-7D5C8B9E74C7}.Debug|Any CPU.ActiveCfg = Debug|Any CPU
		{7FB00AAD-195C-41AB-AD30-7D5C8B9E74C7}.Debug|Any CPU.Build.0 = Debug|Any CPU
		{7FB00AAD-195C-41AB-AD30-7D5C8B9E74C7}.Release|Any CPU.ActiveCfg = Release|Any CPU
		{7FB00AAD-195C-41AB-AD30-7D5C8B9E74C7}.Release|Any CPU.Build.0 = Release|Any CPU
		{955B9B5E-D02D-4A7D-8BCD-DCF7119B87EA}.Debug|Any CPU.ActiveCfg = Debug|Any CPU
		{955B9B5E-D02D-4A7D-8BCD-DCF7119B87EA}.Debug|Any CPU.Build.0 = Debug|Any CPU
		{955B9B5E-D02D-4A7D-8BCD-DCF7119B87EA}.Release|Any CPU.ActiveCfg = Release|Any CPU
		{955B9B5E-D02D-4A7D-8BCD-DCF7119B87EA}.Release|Any CPU.Build.0 = Release|Any CPU
		{7D0FD92B-2446-495D-97FF-21C56A14382B}.Debug|Any CPU.ActiveCfg = Debug|Any CPU
		{7D0FD92B-2446-495D-97FF-21C56A14382B}.Debug|Any CPU.Build.0 = Debug|Any CPU
		{7D0FD92B-2446-495D-97FF-21C56A14382B}.Release|Any CPU.ActiveCfg = Release|Any CPU
		{7D0FD92B-2446-495D-97FF-21C56A14382B}.Release|Any CPU.Build.0 = Release|Any CPU
		{FA02E07A-73B8-4763-93BB-3EA217E99243}.Debug|Any CPU.ActiveCfg = Debug|Any CPU
		{FA02E07A-73B8-4763-93BB-3EA217E99243}.Debug|Any CPU.Build.0 = Debug|Any CPU
		{FA02E07A-73B8-4763-93BB-3EA217E99243}.Release|Any CPU.ActiveCfg = Release|Any CPU
		{FA02E07A-73B8-4763-93BB-3EA217E99243}.Release|Any CPU.Build.0 = Release|Any CPU
		{3D8AAD3A-A08A-423B-B550-1BA17EF2ED08}.Debug|Any CPU.ActiveCfg = Debug|Any CPU
		{3D8AAD3A-A08A-423B-B550-1BA17EF2ED08}.Debug|Any CPU.Build.0 = Debug|Any CPU
		{3D8AAD3A-A08A-423B-B550-1BA17EF2ED08}.Release|Any CPU.ActiveCfg = Release|Any CPU
		{3D8AAD3A-A08A-423B-B550-1BA17EF2ED08}.Release|Any CPU.Build.0 = Release|Any CPU
		{4E5E44A1-8757-4615-A448-8AAB8625154C}.Debug|Any CPU.ActiveCfg = Debug|Any CPU
		{4E5E44A1-8757-4615-A448-8AAB8625154C}.Debug|Any CPU.Build.0 = Debug|Any CPU
		{4E5E44A1-8757-4615-A448-8AAB8625154C}.Release|Any CPU.ActiveCfg = Release|Any CPU
		{4E5E44A1-8757-4615-A448-8AAB8625154C}.Release|Any CPU.Build.0 = Release|Any CPU
		{35DDEA7E-680D-4A20-9613-586514505F65}.Debug|Any CPU.ActiveCfg = Debug|Any CPU
		{35DDEA7E-680D-4A20-9613-586514505F65}.Debug|Any CPU.Build.0 = Debug|Any CPU
		{35DDEA7E-680D-4A20-9613-586514505F65}.Release|Any CPU.ActiveCfg = Release|Any CPU
		{35DDEA7E-680D-4A20-9613-586514505F65}.Release|Any CPU.Build.0 = Release|Any CPU
		{A5AB3F59-6B54-47B6-8F6F-1791FEB8D770}.Debug|Any CPU.ActiveCfg = Debug|Any CPU
		{A5AB3F59-6B54-47B6-8F6F-1791FEB8D770}.Debug|Any CPU.Build.0 = Debug|Any CPU
		{A5AB3F59-6B54-47B6-8F6F-1791FEB8D770}.Release|Any CPU.ActiveCfg = Release|Any CPU
		{A5AB3F59-6B54-47B6-8F6F-1791FEB8D770}.Release|Any CPU.Build.0 = Release|Any CPU
		{695780F6-3A3C-4D02-8AE7-E9535C69D947}.Debug|Any CPU.ActiveCfg = Debug|Any CPU
		{695780F6-3A3C-4D02-8AE7-E9535C69D947}.Debug|Any CPU.Build.0 = Debug|Any CPU
		{695780F6-3A3C-4D02-8AE7-E9535C69D947}.Release|Any CPU.ActiveCfg = Release|Any CPU
		{695780F6-3A3C-4D02-8AE7-E9535C69D947}.Release|Any CPU.Build.0 = Release|Any CPU
		{9D1E32CF-ADA3-436A-9EEC-A72CAF321EC5}.Debug|Any CPU.ActiveCfg = Debug|Any CPU
		{9D1E32CF-ADA3-436A-9EEC-A72CAF321EC5}.Debug|Any CPU.Build.0 = Debug|Any CPU
		{9D1E32CF-ADA3-436A-9EEC-A72CAF321EC5}.Release|Any CPU.ActiveCfg = Release|Any CPU
		{9D1E32CF-ADA3-436A-9EEC-A72CAF321EC5}.Release|Any CPU.Build.0 = Release|Any CPU
		{7CC78126-8A48-49A1-9A18-C0FE58436F78}.Debug|Any CPU.ActiveCfg = Debug|Any CPU
		{7CC78126-8A48-49A1-9A18-C0FE58436F78}.Debug|Any CPU.Build.0 = Debug|Any CPU
		{7CC78126-8A48-49A1-9A18-C0FE58436F78}.Release|Any CPU.ActiveCfg = Release|Any CPU
		{7CC78126-8A48-49A1-9A18-C0FE58436F78}.Release|Any CPU.Build.0 = Release|Any CPU
		{1F18506D-B357-4F85-A85E-7A3487D4DA4F}.Debug|Any CPU.ActiveCfg = Debug|Any CPU
		{1F18506D-B357-4F85-A85E-7A3487D4DA4F}.Debug|Any CPU.Build.0 = Debug|Any CPU
		{1F18506D-B357-4F85-A85E-7A3487D4DA4F}.Release|Any CPU.ActiveCfg = Release|Any CPU
		{1F18506D-B357-4F85-A85E-7A3487D4DA4F}.Release|Any CPU.Build.0 = Release|Any CPU
		{01D837BB-E8C3-47D1-BEF5-39FC18EDD5A7}.Debug|Any CPU.ActiveCfg = Debug|Any CPU
		{01D837BB-E8C3-47D1-BEF5-39FC18EDD5A7}.Debug|Any CPU.Build.0 = Debug|Any CPU
		{01D837BB-E8C3-47D1-BEF5-39FC18EDD5A7}.Release|Any CPU.ActiveCfg = Release|Any CPU
		{01D837BB-E8C3-47D1-BEF5-39FC18EDD5A7}.Release|Any CPU.Build.0 = Release|Any CPU
		{AD29772D-1FDE-44BB-9AF1-7C01D2BBA8D2}.Debug|Any CPU.ActiveCfg = Debug|Any CPU
		{AD29772D-1FDE-44BB-9AF1-7C01D2BBA8D2}.Debug|Any CPU.Build.0 = Debug|Any CPU
		{AD29772D-1FDE-44BB-9AF1-7C01D2BBA8D2}.Release|Any CPU.ActiveCfg = Release|Any CPU
		{AD29772D-1FDE-44BB-9AF1-7C01D2BBA8D2}.Release|Any CPU.Build.0 = Release|Any CPU
		{D73C7D07-CB28-4F0E-A750-61A694C7B8D4}.Debug|Any CPU.ActiveCfg = Debug|Any CPU
		{D73C7D07-CB28-4F0E-A750-61A694C7B8D4}.Debug|Any CPU.Build.0 = Debug|Any CPU
		{D73C7D07-CB28-4F0E-A750-61A694C7B8D4}.Release|Any CPU.ActiveCfg = Release|Any CPU
		{D73C7D07-CB28-4F0E-A750-61A694C7B8D4}.Release|Any CPU.Build.0 = Release|Any CPU
		{E3596539-F224-44E9-B524-4C2F0039CEC5}.Debug|Any CPU.ActiveCfg = Debug|Any CPU
		{E3596539-F224-44E9-B524-4C2F0039CEC5}.Debug|Any CPU.Build.0 = Debug|Any CPU
		{E3596539-F224-44E9-B524-4C2F0039CEC5}.Release|Any CPU.ActiveCfg = Release|Any CPU
		{E3596539-F224-44E9-B524-4C2F0039CEC5}.Release|Any CPU.Build.0 = Release|Any CPU
		{3C6CF51D-1BAE-443B-A6B6-8449B5B780B1}.Debug|Any CPU.ActiveCfg = Debug|Any CPU
		{3C6CF51D-1BAE-443B-A6B6-8449B5B780B1}.Debug|Any CPU.Build.0 = Debug|Any CPU
		{3C6CF51D-1BAE-443B-A6B6-8449B5B780B1}.Release|Any CPU.ActiveCfg = Release|Any CPU
		{3C6CF51D-1BAE-443B-A6B6-8449B5B780B1}.Release|Any CPU.Build.0 = Release|Any CPU
		{61F45857-2D9E-464A-B24E-0D28E9B3EB2D}.Debug|Any CPU.ActiveCfg = Debug|Any CPU
		{61F45857-2D9E-464A-B24E-0D28E9B3EB2D}.Debug|Any CPU.Build.0 = Debug|Any CPU
		{61F45857-2D9E-464A-B24E-0D28E9B3EB2D}.Release|Any CPU.ActiveCfg = Release|Any CPU
		{61F45857-2D9E-464A-B24E-0D28E9B3EB2D}.Release|Any CPU.Build.0 = Release|Any CPU
		{51DA11F8-19BA-4EF1-97FE-AB511C72F7E6}.Debug|Any CPU.ActiveCfg = Debug|Any CPU
		{51DA11F8-19BA-4EF1-97FE-AB511C72F7E6}.Debug|Any CPU.Build.0 = Debug|Any CPU
		{51DA11F8-19BA-4EF1-97FE-AB511C72F7E6}.Release|Any CPU.ActiveCfg = Release|Any CPU
		{51DA11F8-19BA-4EF1-97FE-AB511C72F7E6}.Release|Any CPU.Build.0 = Release|Any CPU
		{6A1CD26F-8239-4F6C-AF90-1950FE014E27}.Debug|Any CPU.ActiveCfg = Debug|Any CPU
		{6A1CD26F-8239-4F6C-AF90-1950FE014E27}.Debug|Any CPU.Build.0 = Debug|Any CPU
		{6A1CD26F-8239-4F6C-AF90-1950FE014E27}.Release|Any CPU.ActiveCfg = Release|Any CPU
		{6A1CD26F-8239-4F6C-AF90-1950FE014E27}.Release|Any CPU.Build.0 = Release|Any CPU
		{3AFAFD07-EE2A-4CC2-9947-74605E35ED51}.Debug|Any CPU.ActiveCfg = Debug|Any CPU
		{3AFAFD07-EE2A-4CC2-9947-74605E35ED51}.Debug|Any CPU.Build.0 = Debug|Any CPU
		{3AFAFD07-EE2A-4CC2-9947-74605E35ED51}.Release|Any CPU.ActiveCfg = Release|Any CPU
		{3AFAFD07-EE2A-4CC2-9947-74605E35ED51}.Release|Any CPU.Build.0 = Release|Any CPU
	EndGlobalSection
	GlobalSection(SolutionProperties) = preSolution
		HideSolutionNode = FALSE
	EndGlobalSection
	GlobalSection(ExtensibilityGlobals) = postSolution
		SolutionGuid = {F2697AF7-D1E9-4987-8983-2491D90B85A7}
	EndGlobalSection
EndGlobal
