
Microsoft Visual Studio Solution File, Format Version 12.00
# Visual Studio Version 17
VisualStudioVersion = 17.2.32630.192
MinimumVisualStudioVersion = 10.0.40219.1
Project("{9A19103F-16F7-4668-BE54-9A1E7A4F7556}") = "R5T.F0141.Construction", "R5T.F0141.Construction\R5T.F0141.Construction.csproj", "{D3BB7E53-D393-4DB7-92F7-C7162D904D20}"
EndProject
Project("{9A19103F-16F7-4668-BE54-9A1E7A4F7556}") = "R5T.F0141", "R5T.F0141\R5T.F0141.csproj", "{11E1774F-F25E-4C54-8783-1719F2BE2FF5}"
EndProject
Project("{2150E333-8FDC-42A3-9474-1A3956D46DE8}") = "_Dependencies", "_Dependencies", "{4583BD40-357E-4A99-A28F-305C8DA63D34}"
EndProject
Project("{9A19103F-16F7-4668-BE54-9A1E7A4F7556}") = "R5T.F0000", "..\..\R5T.F0000\source\R5T.F0000\R5T.F0000.csproj", "{50B35A48-9D50-47CA-96D7-8AF9E0B09509}"
EndProject
Project("{9A19103F-16F7-4668-BE54-9A1E7A4F7556}") = "R5T.F0002", "..\..\R5T.F0002\source\R5T.F0002\R5T.F0002.csproj", "{174451EB-8A4D-46F2-95F4-9E38CF85339E}"
EndProject
Project("{9A19103F-16F7-4668-BE54-9A1E7A4F7556}") = "R5T.F0120", "..\..\R5T.F0120\source\R5T.F0120\R5T.F0120.csproj", "{0AAF0D24-742C-4F40-AA39-DF5B40524422}"
EndProject
Project("{9A19103F-16F7-4668-BE54-9A1E7A4F7556}") = "R5T.F0124", "..\..\R5T.F0124\source\R5T.F0124\R5T.F0124.csproj", "{1E2E4020-9949-4321-BDF8-4B4EDEB346C4}"
EndProject
Project("{9A19103F-16F7-4668-BE54-9A1E7A4F7556}") = "R5T.F0125", "..\..\R5T.F0125\source\R5T.F0125\R5T.F0125.csproj", "{196CAF2B-175C-4C52-9C5F-58B0BF867B5D}"
EndProject
Project("{9A19103F-16F7-4668-BE54-9A1E7A4F7556}") = "R5T.F0138", "..\..\R5T.F0138\source\R5T.F0138\R5T.F0138.csproj", "{4FDC68FF-123D-4175-94F2-DA7C868EE808}"
EndProject
Project("{9A19103F-16F7-4668-BE54-9A1E7A4F7556}") = "R5T.F0139", "..\..\R5T.F0139\source\R5T.F0139\R5T.F0139.csproj", "{B6EA34A5-E3FF-43BA-90C9-2D146E220FE2}"
EndProject
Project("{9A19103F-16F7-4668-BE54-9A1E7A4F7556}") = "R5T.F0140", "..\..\R5T.F0140\source\R5T.F0140\R5T.F0140.csproj", "{DB6CC023-99A7-4521-A1AE-031978551D8F}"
EndProject
Project("{9A19103F-16F7-4668-BE54-9A1E7A4F7556}") = "R5T.L0030.T000", "..\..\R5T.L0030\source\R5T.L0030.T000\R5T.L0030.T000.csproj", "{A620138E-F2BA-4A23-8323-15C0B1EBCFFC}"
EndProject
Project("{9A19103F-16F7-4668-BE54-9A1E7A4F7556}") = "R5T.L0030", "..\..\R5T.L0030\source\R5T.L0030\R5T.L0030.csproj", "{F4C93D7C-B012-450C-A87C-640E6672176C}"
EndProject
Project("{9A19103F-16F7-4668-BE54-9A1E7A4F7556}") = "R5T.L0034", "..\..\R5T.L0034\source\R5T.L0034\R5T.L0034.csproj", "{708FF60B-6A27-41C0-A940-010A11B521D9}"
EndProject
Project("{9A19103F-16F7-4668-BE54-9A1E7A4F7556}") = "R5T.L0035", "..\..\R5T.L0035\source\R5T.L0035\R5T.L0035.csproj", "{B97C9498-388A-4C4C-9A37-B466E86E799A}"
EndProject
Project("{9A19103F-16F7-4668-BE54-9A1E7A4F7556}") = "R5T.NG0022", "..\..\R5T.NG0022\source\R5T.NG0022\R5T.NG0022.csproj", "{ECC37D33-5725-4CBB-8E0D-C99F8EA91433}"
EndProject
Project("{9A19103F-16F7-4668-BE54-9A1E7A4F7556}") = "R5T.T0131", "..\..\R5T.T0131\source\R5T.T0131\R5T.T0131.csproj", "{DFC11F85-9086-4BC4-9D43-58704802C8C2}"
EndProject
Project("{9A19103F-16F7-4668-BE54-9A1E7A4F7556}") = "R5T.T0132", "..\..\R5T.T0132\source\R5T.T0132\R5T.T0132.csproj", "{3C0EF0DC-43E4-4AC0-8793-C02E3DBEDA26}"
EndProject
Project("{9A19103F-16F7-4668-BE54-9A1E7A4F7556}") = "R5T.T0142", "..\..\R5T.T0142\source\R5T.T0142\R5T.T0142.csproj", "{E219AE9A-9CE8-4E9A-ADCE-18BF33BB4D6E}"
EndProject
Project("{9A19103F-16F7-4668-BE54-9A1E7A4F7556}") = "R5T.T0143", "..\..\R5T.T0143\source\R5T.T0143\R5T.T0143.csproj", "{5A2E4F8D-2B70-4D7D-AA24-E30AD1FB4C4F}"
EndProject
Project("{9A19103F-16F7-4668-BE54-9A1E7A4F7556}") = "R5T.T0150", "..\..\R5T.T0150\source\R5T.T0150\R5T.T0150.csproj", "{B618117B-2679-4638-B1B0-3A55248BDDB1}"
EndProject
Project("{9A19103F-16F7-4668-BE54-9A1E7A4F7556}") = "R5T.T0151", "..\..\R5T.T0151\source\R5T.T0151\R5T.T0151.csproj", "{03DAEB9E-39FB-4B80-B321-1A9B32FE6927}"
EndProject
Project("{9A19103F-16F7-4668-BE54-9A1E7A4F7556}") = "R5T.T0156", "..\..\R5T.T0156\source\R5T.T0156\R5T.T0156.csproj", "{B431A378-5F7A-4AEF-AE4B-FA715CC2DEA8}"
EndProject
Project("{9A19103F-16F7-4668-BE54-9A1E7A4F7556}") = "R5T.T0172", "..\..\R5T.T0172\source\R5T.T0172\R5T.T0172.csproj", "{9DB98612-2443-40A9-9408-3F3243F8D6FB}"
EndProject
Project("{9A19103F-16F7-4668-BE54-9A1E7A4F7556}") = "R5T.T0174", "..\..\R5T.T0174\source\R5T.T0174\R5T.T0174.csproj", "{2003A3AC-D048-4675-A8D1-28BC74F0654B}"
EndProject
Project("{9A19103F-16F7-4668-BE54-9A1E7A4F7556}") = "R5T.T0176", "..\..\R5T.T0176\source\R5T.T0176\R5T.T0176.csproj", "{53D948E8-2573-4AB6-932F-2ED7F1A8A1AE}"
EndProject
Project("{9A19103F-16F7-4668-BE54-9A1E7A4F7556}") = "R5T.T0177", "..\..\R5T.T0177\source\R5T.T0177\R5T.T0177.csproj", "{560146A6-8ABC-4EF0-8F8C-49F87C4E2884}"
EndProject
Project("{9A19103F-16F7-4668-BE54-9A1E7A4F7556}") = "R5T.T0178", "..\..\R5T.T0178\source\R5T.T0178\R5T.T0178.csproj", "{84769D17-0B5A-4220-AFFA-1F0F4A009B3C}"
EndProject
Project("{9A19103F-16F7-4668-BE54-9A1E7A4F7556}") = "R5T.T0179", "..\..\R5T.T0179\source\R5T.T0179\R5T.T0179.csproj", "{95F3B581-417C-48B3-9777-D3543F3C843F}"
EndProject
Project("{9A19103F-16F7-4668-BE54-9A1E7A4F7556}") = "R5T.T0180", "..\..\R5T.T0180\source\R5T.T0180\R5T.T0180.csproj", "{F65E16D2-32E1-4945-A50F-6E80B39F8001}"
EndProject
Project("{9A19103F-16F7-4668-BE54-9A1E7A4F7556}") = "R5T.T0181", "..\..\R5T.T0181\source\R5T.T0181\R5T.T0181.csproj", "{0B8E1724-EE1E-4E13-A4C7-F6F4B20F7822}"
EndProject
Project("{9A19103F-16F7-4668-BE54-9A1E7A4F7556}") = "R5T.T0185", "..\..\R5T.T0185\source\R5T.T0185\R5T.T0185.csproj", "{CEB5CF16-B453-4616-981E-1CAB1E82C92D}"
EndProject
Project("{9A19103F-16F7-4668-BE54-9A1E7A4F7556}") = "R5T.T0203", "..\..\R5T.T0203\source\R5T.T0203\R5T.T0203.csproj", "{E0287BCB-6D8B-426D-BC9A-2E677C1F6854}"
EndProject
Project("{9A19103F-16F7-4668-BE54-9A1E7A4F7556}") = "R5T.T0214.Z001", "..\..\R5T.T0214\source\R5T.T0214.Z001\R5T.T0214.Z001.csproj", "{C5C2BAFE-3FB1-4C4F-A73A-D9E309D8DEDA}"
EndProject
Project("{9A19103F-16F7-4668-BE54-9A1E7A4F7556}") = "R5T.T0214", "..\..\R5T.T0214\source\R5T.T0214\R5T.T0214.csproj", "{F1DCBE47-23D8-4863-AEF4-EE7779DE1158}"
EndProject
Project("{9A19103F-16F7-4668-BE54-9A1E7A4F7556}") = "R5T.T0215.Z000", "..\..\R5T.T0215\source\R5T.T0215.Z000\R5T.T0215.Z000.csproj", "{297A8BBA-C162-457F-BC41-6D2DEE3DB8E5}"
EndProject
Project("{9A19103F-16F7-4668-BE54-9A1E7A4F7556}") = "R5T.T0215", "..\..\R5T.T0215\source\R5T.T0215\R5T.T0215.csproj", "{64432612-BD7C-4B0C-AEBF-5178E16E6605}"
EndProject
Project("{9A19103F-16F7-4668-BE54-9A1E7A4F7556}") = "R5T.T0216.F001", "..\..\R5T.T0216\source\R5T.T0216.F001\R5T.T0216.F001.csproj", "{A93C6B75-C0F4-446C-AFDF-E32AE0BCAC24}"
EndProject
Project("{9A19103F-16F7-4668-BE54-9A1E7A4F7556}") = "R5T.T0216", "..\..\R5T.T0216\source\R5T.T0216\R5T.T0216.csproj", "{723E9EE5-C8EA-4D26-A5DD-5EEA9551902C}"
EndProject
Project("{9A19103F-16F7-4668-BE54-9A1E7A4F7556}") = "R5T.T0217.F001", "..\..\R5T.T0217\source\R5T.T0217.F001\R5T.T0217.F001.csproj", "{44B611FD-D6D1-4674-9281-679913B03C97}"
EndProject
Project("{9A19103F-16F7-4668-BE54-9A1E7A4F7556}") = "R5T.T0217", "..\..\R5T.T0217\source\R5T.T0217\R5T.T0217.csproj", "{421B9CCA-53F3-4A15-AAEC-B9ACA77B9425}"
EndProject
Project("{9A19103F-16F7-4668-BE54-9A1E7A4F7556}") = "R5T.T0218", "..\..\R5T.T0218\source\R5T.T0218\R5T.T0218.csproj", "{868E343F-F014-49D7-A1DC-846111914978}"
EndProject
Project("{9A19103F-16F7-4668-BE54-9A1E7A4F7556}") = "R5T.T0219", "..\..\R5T.T0219\source\R5T.T0219\R5T.T0219.csproj", "{6DF4A27E-2185-40BF-A471-9F83CE4A1F87}"
EndProject
Project("{9A19103F-16F7-4668-BE54-9A1E7A4F7556}") = "R5T.Y0000", "..\..\R5T.Y0000\source\R5T.Y0000\R5T.Y0000.csproj", "{1790F003-6187-4CDA-A69D-4C8E79B5FFEB}"
EndProject
Project("{9A19103F-16F7-4668-BE54-9A1E7A4F7556}") = "R5T.Z0000", "..\..\R5T.Z0000\source\R5T.Z0000\R5T.Z0000.csproj", "{A20B2FEF-AEAC-4D99-9EA5-8BDDF37576F5}"
EndProject
Project("{9A19103F-16F7-4668-BE54-9A1E7A4F7556}") = "R5T.Z0044.Z000", "..\..\R5T.Z0044\source\R5T.Z0044.Z000\R5T.Z0044.Z000.csproj", "{8DD5B958-D960-42E3-A7C4-2C7CED1A3C64}"
EndProject
Project("{9A19103F-16F7-4668-BE54-9A1E7A4F7556}") = "R5T.Z0057", "..\..\R5T.Z0057\source\R5T.Z0057\R5T.Z0057.csproj", "{25C564BB-2202-47FB-9259-FAEDDE34DC16}"
EndProject
Project("{9A19103F-16F7-4668-BE54-9A1E7A4F7556}") = "R5T.Z0058", "..\..\R5T.Z0058\source\R5T.Z0058\R5T.Z0058.csproj", "{5F9619F1-08C1-424F-A5D7-AE904AAFB592}"
EndProject
Global
	GlobalSection(NestedProjects) = preSolution
		{50B35A48-9D50-47CA-96D7-8AF9E0B09509} = {4583BD40-357E-4A99-A28F-305C8DA63D34}
		{174451EB-8A4D-46F2-95F4-9E38CF85339E} = {4583BD40-357E-4A99-A28F-305C8DA63D34}
		{0AAF0D24-742C-4F40-AA39-DF5B40524422} = {4583BD40-357E-4A99-A28F-305C8DA63D34}
		{1E2E4020-9949-4321-BDF8-4B4EDEB346C4} = {4583BD40-357E-4A99-A28F-305C8DA63D34}
		{196CAF2B-175C-4C52-9C5F-58B0BF867B5D} = {4583BD40-357E-4A99-A28F-305C8DA63D34}
		{4FDC68FF-123D-4175-94F2-DA7C868EE808} = {4583BD40-357E-4A99-A28F-305C8DA63D34}
		{B6EA34A5-E3FF-43BA-90C9-2D146E220FE2} = {4583BD40-357E-4A99-A28F-305C8DA63D34}
		{DB6CC023-99A7-4521-A1AE-031978551D8F} = {4583BD40-357E-4A99-A28F-305C8DA63D34}
		{A620138E-F2BA-4A23-8323-15C0B1EBCFFC} = {4583BD40-357E-4A99-A28F-305C8DA63D34}
		{F4C93D7C-B012-450C-A87C-640E6672176C} = {4583BD40-357E-4A99-A28F-305C8DA63D34}
		{708FF60B-6A27-41C0-A940-010A11B521D9} = {4583BD40-357E-4A99-A28F-305C8DA63D34}
		{B97C9498-388A-4C4C-9A37-B466E86E799A} = {4583BD40-357E-4A99-A28F-305C8DA63D34}
		{ECC37D33-5725-4CBB-8E0D-C99F8EA91433} = {4583BD40-357E-4A99-A28F-305C8DA63D34}
		{DFC11F85-9086-4BC4-9D43-58704802C8C2} = {4583BD40-357E-4A99-A28F-305C8DA63D34}
		{3C0EF0DC-43E4-4AC0-8793-C02E3DBEDA26} = {4583BD40-357E-4A99-A28F-305C8DA63D34}
		{E219AE9A-9CE8-4E9A-ADCE-18BF33BB4D6E} = {4583BD40-357E-4A99-A28F-305C8DA63D34}
		{5A2E4F8D-2B70-4D7D-AA24-E30AD1FB4C4F} = {4583BD40-357E-4A99-A28F-305C8DA63D34}
		{B618117B-2679-4638-B1B0-3A55248BDDB1} = {4583BD40-357E-4A99-A28F-305C8DA63D34}
		{03DAEB9E-39FB-4B80-B321-1A9B32FE6927} = {4583BD40-357E-4A99-A28F-305C8DA63D34}
		{B431A378-5F7A-4AEF-AE4B-FA715CC2DEA8} = {4583BD40-357E-4A99-A28F-305C8DA63D34}
		{9DB98612-2443-40A9-9408-3F3243F8D6FB} = {4583BD40-357E-4A99-A28F-305C8DA63D34}
		{2003A3AC-D048-4675-A8D1-28BC74F0654B} = {4583BD40-357E-4A99-A28F-305C8DA63D34}
		{53D948E8-2573-4AB6-932F-2ED7F1A8A1AE} = {4583BD40-357E-4A99-A28F-305C8DA63D34}
		{560146A6-8ABC-4EF0-8F8C-49F87C4E2884} = {4583BD40-357E-4A99-A28F-305C8DA63D34}
		{84769D17-0B5A-4220-AFFA-1F0F4A009B3C} = {4583BD40-357E-4A99-A28F-305C8DA63D34}
		{95F3B581-417C-48B3-9777-D3543F3C843F} = {4583BD40-357E-4A99-A28F-305C8DA63D34}
		{F65E16D2-32E1-4945-A50F-6E80B39F8001} = {4583BD40-357E-4A99-A28F-305C8DA63D34}
		{0B8E1724-EE1E-4E13-A4C7-F6F4B20F7822} = {4583BD40-357E-4A99-A28F-305C8DA63D34}
		{CEB5CF16-B453-4616-981E-1CAB1E82C92D} = {4583BD40-357E-4A99-A28F-305C8DA63D34}
		{E0287BCB-6D8B-426D-BC9A-2E677C1F6854} = {4583BD40-357E-4A99-A28F-305C8DA63D34}
		{C5C2BAFE-3FB1-4C4F-A73A-D9E309D8DEDA} = {4583BD40-357E-4A99-A28F-305C8DA63D34}
		{F1DCBE47-23D8-4863-AEF4-EE7779DE1158} = {4583BD40-357E-4A99-A28F-305C8DA63D34}
		{297A8BBA-C162-457F-BC41-6D2DEE3DB8E5} = {4583BD40-357E-4A99-A28F-305C8DA63D34}
		{64432612-BD7C-4B0C-AEBF-5178E16E6605} = {4583BD40-357E-4A99-A28F-305C8DA63D34}
		{A93C6B75-C0F4-446C-AFDF-E32AE0BCAC24} = {4583BD40-357E-4A99-A28F-305C8DA63D34}
		{723E9EE5-C8EA-4D26-A5DD-5EEA9551902C} = {4583BD40-357E-4A99-A28F-305C8DA63D34}
		{44B611FD-D6D1-4674-9281-679913B03C97} = {4583BD40-357E-4A99-A28F-305C8DA63D34}
		{421B9CCA-53F3-4A15-AAEC-B9ACA77B9425} = {4583BD40-357E-4A99-A28F-305C8DA63D34}
		{868E343F-F014-49D7-A1DC-846111914978} = {4583BD40-357E-4A99-A28F-305C8DA63D34}
		{6DF4A27E-2185-40BF-A471-9F83CE4A1F87} = {4583BD40-357E-4A99-A28F-305C8DA63D34}
		{1790F003-6187-4CDA-A69D-4C8E79B5FFEB} = {4583BD40-357E-4A99-A28F-305C8DA63D34}
		{A20B2FEF-AEAC-4D99-9EA5-8BDDF37576F5} = {4583BD40-357E-4A99-A28F-305C8DA63D34}
		{8DD5B958-D960-42E3-A7C4-2C7CED1A3C64} = {4583BD40-357E-4A99-A28F-305C8DA63D34}
		{25C564BB-2202-47FB-9259-FAEDDE34DC16} = {4583BD40-357E-4A99-A28F-305C8DA63D34}
		{5F9619F1-08C1-424F-A5D7-AE904AAFB592} = {4583BD40-357E-4A99-A28F-305C8DA63D34}
	EndGlobalSection
	GlobalSection(SolutionConfigurationPlatforms) = preSolution
		Debug|Any CPU = Debug|Any CPU
		Release|Any CPU = Release|Any CPU
	EndGlobalSection
	GlobalSection(ProjectConfigurationPlatforms) = postSolution
		{D3BB7E53-D393-4DB7-92F7-C7162D904D20}.Debug|Any CPU.ActiveCfg = Debug|Any CPU
		{D3BB7E53-D393-4DB7-92F7-C7162D904D20}.Debug|Any CPU.Build.0 = Debug|Any CPU
		{D3BB7E53-D393-4DB7-92F7-C7162D904D20}.Release|Any CPU.ActiveCfg = Release|Any CPU
		{D3BB7E53-D393-4DB7-92F7-C7162D904D20}.Release|Any CPU.Build.0 = Release|Any CPU
		{11E1774F-F25E-4C54-8783-1719F2BE2FF5}.Debug|Any CPU.ActiveCfg = Debug|Any CPU
		{11E1774F-F25E-4C54-8783-1719F2BE2FF5}.Debug|Any CPU.Build.0 = Debug|Any CPU
		{11E1774F-F25E-4C54-8783-1719F2BE2FF5}.Release|Any CPU.ActiveCfg = Release|Any CPU
		{11E1774F-F25E-4C54-8783-1719F2BE2FF5}.Release|Any CPU.Build.0 = Release|Any CPU
		{50B35A48-9D50-47CA-96D7-8AF9E0B09509}.Debug|Any CPU.ActiveCfg = Debug|Any CPU
		{50B35A48-9D50-47CA-96D7-8AF9E0B09509}.Debug|Any CPU.Build.0 = Debug|Any CPU
		{50B35A48-9D50-47CA-96D7-8AF9E0B09509}.Release|Any CPU.ActiveCfg = Release|Any CPU
		{50B35A48-9D50-47CA-96D7-8AF9E0B09509}.Release|Any CPU.Build.0 = Release|Any CPU
		{174451EB-8A4D-46F2-95F4-9E38CF85339E}.Debug|Any CPU.ActiveCfg = Debug|Any CPU
		{174451EB-8A4D-46F2-95F4-9E38CF85339E}.Debug|Any CPU.Build.0 = Debug|Any CPU
		{174451EB-8A4D-46F2-95F4-9E38CF85339E}.Release|Any CPU.ActiveCfg = Release|Any CPU
		{174451EB-8A4D-46F2-95F4-9E38CF85339E}.Release|Any CPU.Build.0 = Release|Any CPU
		{0AAF0D24-742C-4F40-AA39-DF5B40524422}.Debug|Any CPU.ActiveCfg = Debug|Any CPU
		{0AAF0D24-742C-4F40-AA39-DF5B40524422}.Debug|Any CPU.Build.0 = Debug|Any CPU
		{0AAF0D24-742C-4F40-AA39-DF5B40524422}.Release|Any CPU.ActiveCfg = Release|Any CPU
		{0AAF0D24-742C-4F40-AA39-DF5B40524422}.Release|Any CPU.Build.0 = Release|Any CPU
		{1E2E4020-9949-4321-BDF8-4B4EDEB346C4}.Debug|Any CPU.ActiveCfg = Debug|Any CPU
		{1E2E4020-9949-4321-BDF8-4B4EDEB346C4}.Debug|Any CPU.Build.0 = Debug|Any CPU
		{1E2E4020-9949-4321-BDF8-4B4EDEB346C4}.Release|Any CPU.ActiveCfg = Release|Any CPU
		{1E2E4020-9949-4321-BDF8-4B4EDEB346C4}.Release|Any CPU.Build.0 = Release|Any CPU
		{196CAF2B-175C-4C52-9C5F-58B0BF867B5D}.Debug|Any CPU.ActiveCfg = Debug|Any CPU
		{196CAF2B-175C-4C52-9C5F-58B0BF867B5D}.Debug|Any CPU.Build.0 = Debug|Any CPU
		{196CAF2B-175C-4C52-9C5F-58B0BF867B5D}.Release|Any CPU.ActiveCfg = Release|Any CPU
		{196CAF2B-175C-4C52-9C5F-58B0BF867B5D}.Release|Any CPU.Build.0 = Release|Any CPU
		{4FDC68FF-123D-4175-94F2-DA7C868EE808}.Debug|Any CPU.ActiveCfg = Debug|Any CPU
		{4FDC68FF-123D-4175-94F2-DA7C868EE808}.Debug|Any CPU.Build.0 = Debug|Any CPU
		{4FDC68FF-123D-4175-94F2-DA7C868EE808}.Release|Any CPU.ActiveCfg = Release|Any CPU
		{4FDC68FF-123D-4175-94F2-DA7C868EE808}.Release|Any CPU.Build.0 = Release|Any CPU
		{B6EA34A5-E3FF-43BA-90C9-2D146E220FE2}.Debug|Any CPU.ActiveCfg = Debug|Any CPU
		{B6EA34A5-E3FF-43BA-90C9-2D146E220FE2}.Debug|Any CPU.Build.0 = Debug|Any CPU
		{B6EA34A5-E3FF-43BA-90C9-2D146E220FE2}.Release|Any CPU.ActiveCfg = Release|Any CPU
		{B6EA34A5-E3FF-43BA-90C9-2D146E220FE2}.Release|Any CPU.Build.0 = Release|Any CPU
		{DB6CC023-99A7-4521-A1AE-031978551D8F}.Debug|Any CPU.ActiveCfg = Debug|Any CPU
		{DB6CC023-99A7-4521-A1AE-031978551D8F}.Debug|Any CPU.Build.0 = Debug|Any CPU
		{DB6CC023-99A7-4521-A1AE-031978551D8F}.Release|Any CPU.ActiveCfg = Release|Any CPU
		{DB6CC023-99A7-4521-A1AE-031978551D8F}.Release|Any CPU.Build.0 = Release|Any CPU
		{A620138E-F2BA-4A23-8323-15C0B1EBCFFC}.Debug|Any CPU.ActiveCfg = Debug|Any CPU
		{A620138E-F2BA-4A23-8323-15C0B1EBCFFC}.Debug|Any CPU.Build.0 = Debug|Any CPU
		{A620138E-F2BA-4A23-8323-15C0B1EBCFFC}.Release|Any CPU.ActiveCfg = Release|Any CPU
		{A620138E-F2BA-4A23-8323-15C0B1EBCFFC}.Release|Any CPU.Build.0 = Release|Any CPU
		{F4C93D7C-B012-450C-A87C-640E6672176C}.Debug|Any CPU.ActiveCfg = Debug|Any CPU
		{F4C93D7C-B012-450C-A87C-640E6672176C}.Debug|Any CPU.Build.0 = Debug|Any CPU
		{F4C93D7C-B012-450C-A87C-640E6672176C}.Release|Any CPU.ActiveCfg = Release|Any CPU
		{F4C93D7C-B012-450C-A87C-640E6672176C}.Release|Any CPU.Build.0 = Release|Any CPU
		{708FF60B-6A27-41C0-A940-010A11B521D9}.Debug|Any CPU.ActiveCfg = Debug|Any CPU
		{708FF60B-6A27-41C0-A940-010A11B521D9}.Debug|Any CPU.Build.0 = Debug|Any CPU
		{708FF60B-6A27-41C0-A940-010A11B521D9}.Release|Any CPU.ActiveCfg = Release|Any CPU
		{708FF60B-6A27-41C0-A940-010A11B521D9}.Release|Any CPU.Build.0 = Release|Any CPU
		{B97C9498-388A-4C4C-9A37-B466E86E799A}.Debug|Any CPU.ActiveCfg = Debug|Any CPU
		{B97C9498-388A-4C4C-9A37-B466E86E799A}.Debug|Any CPU.Build.0 = Debug|Any CPU
		{B97C9498-388A-4C4C-9A37-B466E86E799A}.Release|Any CPU.ActiveCfg = Release|Any CPU
		{B97C9498-388A-4C4C-9A37-B466E86E799A}.Release|Any CPU.Build.0 = Release|Any CPU
		{ECC37D33-5725-4CBB-8E0D-C99F8EA91433}.Debug|Any CPU.ActiveCfg = Debug|Any CPU
		{ECC37D33-5725-4CBB-8E0D-C99F8EA91433}.Debug|Any CPU.Build.0 = Debug|Any CPU
		{ECC37D33-5725-4CBB-8E0D-C99F8EA91433}.Release|Any CPU.ActiveCfg = Release|Any CPU
		{ECC37D33-5725-4CBB-8E0D-C99F8EA91433}.Release|Any CPU.Build.0 = Release|Any CPU
		{DFC11F85-9086-4BC4-9D43-58704802C8C2}.Debug|Any CPU.ActiveCfg = Debug|Any CPU
		{DFC11F85-9086-4BC4-9D43-58704802C8C2}.Debug|Any CPU.Build.0 = Debug|Any CPU
		{DFC11F85-9086-4BC4-9D43-58704802C8C2}.Release|Any CPU.ActiveCfg = Release|Any CPU
		{DFC11F85-9086-4BC4-9D43-58704802C8C2}.Release|Any CPU.Build.0 = Release|Any CPU
		{3C0EF0DC-43E4-4AC0-8793-C02E3DBEDA26}.Debug|Any CPU.ActiveCfg = Debug|Any CPU
		{3C0EF0DC-43E4-4AC0-8793-C02E3DBEDA26}.Debug|Any CPU.Build.0 = Debug|Any CPU
		{3C0EF0DC-43E4-4AC0-8793-C02E3DBEDA26}.Release|Any CPU.ActiveCfg = Release|Any CPU
		{3C0EF0DC-43E4-4AC0-8793-C02E3DBEDA26}.Release|Any CPU.Build.0 = Release|Any CPU
		{E219AE9A-9CE8-4E9A-ADCE-18BF33BB4D6E}.Debug|Any CPU.ActiveCfg = Debug|Any CPU
		{E219AE9A-9CE8-4E9A-ADCE-18BF33BB4D6E}.Debug|Any CPU.Build.0 = Debug|Any CPU
		{E219AE9A-9CE8-4E9A-ADCE-18BF33BB4D6E}.Release|Any CPU.ActiveCfg = Release|Any CPU
		{E219AE9A-9CE8-4E9A-ADCE-18BF33BB4D6E}.Release|Any CPU.Build.0 = Release|Any CPU
		{5A2E4F8D-2B70-4D7D-AA24-E30AD1FB4C4F}.Debug|Any CPU.ActiveCfg = Debug|Any CPU
		{5A2E4F8D-2B70-4D7D-AA24-E30AD1FB4C4F}.Debug|Any CPU.Build.0 = Debug|Any CPU
		{5A2E4F8D-2B70-4D7D-AA24-E30AD1FB4C4F}.Release|Any CPU.ActiveCfg = Release|Any CPU
		{5A2E4F8D-2B70-4D7D-AA24-E30AD1FB4C4F}.Release|Any CPU.Build.0 = Release|Any CPU
		{B618117B-2679-4638-B1B0-3A55248BDDB1}.Debug|Any CPU.ActiveCfg = Debug|Any CPU
		{B618117B-2679-4638-B1B0-3A55248BDDB1}.Debug|Any CPU.Build.0 = Debug|Any CPU
		{B618117B-2679-4638-B1B0-3A55248BDDB1}.Release|Any CPU.ActiveCfg = Release|Any CPU
		{B618117B-2679-4638-B1B0-3A55248BDDB1}.Release|Any CPU.Build.0 = Release|Any CPU
		{03DAEB9E-39FB-4B80-B321-1A9B32FE6927}.Debug|Any CPU.ActiveCfg = Debug|Any CPU
		{03DAEB9E-39FB-4B80-B321-1A9B32FE6927}.Debug|Any CPU.Build.0 = Debug|Any CPU
		{03DAEB9E-39FB-4B80-B321-1A9B32FE6927}.Release|Any CPU.ActiveCfg = Release|Any CPU
		{03DAEB9E-39FB-4B80-B321-1A9B32FE6927}.Release|Any CPU.Build.0 = Release|Any CPU
		{B431A378-5F7A-4AEF-AE4B-FA715CC2DEA8}.Debug|Any CPU.ActiveCfg = Debug|Any CPU
		{B431A378-5F7A-4AEF-AE4B-FA715CC2DEA8}.Debug|Any CPU.Build.0 = Debug|Any CPU
		{B431A378-5F7A-4AEF-AE4B-FA715CC2DEA8}.Release|Any CPU.ActiveCfg = Release|Any CPU
		{B431A378-5F7A-4AEF-AE4B-FA715CC2DEA8}.Release|Any CPU.Build.0 = Release|Any CPU
		{9DB98612-2443-40A9-9408-3F3243F8D6FB}.Debug|Any CPU.ActiveCfg = Debug|Any CPU
		{9DB98612-2443-40A9-9408-3F3243F8D6FB}.Debug|Any CPU.Build.0 = Debug|Any CPU
		{9DB98612-2443-40A9-9408-3F3243F8D6FB}.Release|Any CPU.ActiveCfg = Release|Any CPU
		{9DB98612-2443-40A9-9408-3F3243F8D6FB}.Release|Any CPU.Build.0 = Release|Any CPU
		{2003A3AC-D048-4675-A8D1-28BC74F0654B}.Debug|Any CPU.ActiveCfg = Debug|Any CPU
		{2003A3AC-D048-4675-A8D1-28BC74F0654B}.Debug|Any CPU.Build.0 = Debug|Any CPU
		{2003A3AC-D048-4675-A8D1-28BC74F0654B}.Release|Any CPU.ActiveCfg = Release|Any CPU
		{2003A3AC-D048-4675-A8D1-28BC74F0654B}.Release|Any CPU.Build.0 = Release|Any CPU
		{53D948E8-2573-4AB6-932F-2ED7F1A8A1AE}.Debug|Any CPU.ActiveCfg = Debug|Any CPU
		{53D948E8-2573-4AB6-932F-2ED7F1A8A1AE}.Debug|Any CPU.Build.0 = Debug|Any CPU
		{53D948E8-2573-4AB6-932F-2ED7F1A8A1AE}.Release|Any CPU.ActiveCfg = Release|Any CPU
		{53D948E8-2573-4AB6-932F-2ED7F1A8A1AE}.Release|Any CPU.Build.0 = Release|Any CPU
		{560146A6-8ABC-4EF0-8F8C-49F87C4E2884}.Debug|Any CPU.ActiveCfg = Debug|Any CPU
		{560146A6-8ABC-4EF0-8F8C-49F87C4E2884}.Debug|Any CPU.Build.0 = Debug|Any CPU
		{560146A6-8ABC-4EF0-8F8C-49F87C4E2884}.Release|Any CPU.ActiveCfg = Release|Any CPU
		{560146A6-8ABC-4EF0-8F8C-49F87C4E2884}.Release|Any CPU.Build.0 = Release|Any CPU
		{84769D17-0B5A-4220-AFFA-1F0F4A009B3C}.Debug|Any CPU.ActiveCfg = Debug|Any CPU
		{84769D17-0B5A-4220-AFFA-1F0F4A009B3C}.Debug|Any CPU.Build.0 = Debug|Any CPU
		{84769D17-0B5A-4220-AFFA-1F0F4A009B3C}.Release|Any CPU.ActiveCfg = Release|Any CPU
		{84769D17-0B5A-4220-AFFA-1F0F4A009B3C}.Release|Any CPU.Build.0 = Release|Any CPU
		{95F3B581-417C-48B3-9777-D3543F3C843F}.Debug|Any CPU.ActiveCfg = Debug|Any CPU
		{95F3B581-417C-48B3-9777-D3543F3C843F}.Debug|Any CPU.Build.0 = Debug|Any CPU
		{95F3B581-417C-48B3-9777-D3543F3C843F}.Release|Any CPU.ActiveCfg = Release|Any CPU
		{95F3B581-417C-48B3-9777-D3543F3C843F}.Release|Any CPU.Build.0 = Release|Any CPU
		{F65E16D2-32E1-4945-A50F-6E80B39F8001}.Debug|Any CPU.ActiveCfg = Debug|Any CPU
		{F65E16D2-32E1-4945-A50F-6E80B39F8001}.Debug|Any CPU.Build.0 = Debug|Any CPU
		{F65E16D2-32E1-4945-A50F-6E80B39F8001}.Release|Any CPU.ActiveCfg = Release|Any CPU
		{F65E16D2-32E1-4945-A50F-6E80B39F8001}.Release|Any CPU.Build.0 = Release|Any CPU
		{0B8E1724-EE1E-4E13-A4C7-F6F4B20F7822}.Debug|Any CPU.ActiveCfg = Debug|Any CPU
		{0B8E1724-EE1E-4E13-A4C7-F6F4B20F7822}.Debug|Any CPU.Build.0 = Debug|Any CPU
		{0B8E1724-EE1E-4E13-A4C7-F6F4B20F7822}.Release|Any CPU.ActiveCfg = Release|Any CPU
		{0B8E1724-EE1E-4E13-A4C7-F6F4B20F7822}.Release|Any CPU.Build.0 = Release|Any CPU
		{CEB5CF16-B453-4616-981E-1CAB1E82C92D}.Debug|Any CPU.ActiveCfg = Debug|Any CPU
		{CEB5CF16-B453-4616-981E-1CAB1E82C92D}.Debug|Any CPU.Build.0 = Debug|Any CPU
		{CEB5CF16-B453-4616-981E-1CAB1E82C92D}.Release|Any CPU.ActiveCfg = Release|Any CPU
		{CEB5CF16-B453-4616-981E-1CAB1E82C92D}.Release|Any CPU.Build.0 = Release|Any CPU
		{E0287BCB-6D8B-426D-BC9A-2E677C1F6854}.Debug|Any CPU.ActiveCfg = Debug|Any CPU
		{E0287BCB-6D8B-426D-BC9A-2E677C1F6854}.Debug|Any CPU.Build.0 = Debug|Any CPU
		{E0287BCB-6D8B-426D-BC9A-2E677C1F6854}.Release|Any CPU.ActiveCfg = Release|Any CPU
		{E0287BCB-6D8B-426D-BC9A-2E677C1F6854}.Release|Any CPU.Build.0 = Release|Any CPU
		{C5C2BAFE-3FB1-4C4F-A73A-D9E309D8DEDA}.Debug|Any CPU.ActiveCfg = Debug|Any CPU
		{C5C2BAFE-3FB1-4C4F-A73A-D9E309D8DEDA}.Debug|Any CPU.Build.0 = Debug|Any CPU
		{C5C2BAFE-3FB1-4C4F-A73A-D9E309D8DEDA}.Release|Any CPU.ActiveCfg = Release|Any CPU
		{C5C2BAFE-3FB1-4C4F-A73A-D9E309D8DEDA}.Release|Any CPU.Build.0 = Release|Any CPU
		{F1DCBE47-23D8-4863-AEF4-EE7779DE1158}.Debug|Any CPU.ActiveCfg = Debug|Any CPU
		{F1DCBE47-23D8-4863-AEF4-EE7779DE1158}.Debug|Any CPU.Build.0 = Debug|Any CPU
		{F1DCBE47-23D8-4863-AEF4-EE7779DE1158}.Release|Any CPU.ActiveCfg = Release|Any CPU
		{F1DCBE47-23D8-4863-AEF4-EE7779DE1158}.Release|Any CPU.Build.0 = Release|Any CPU
		{297A8BBA-C162-457F-BC41-6D2DEE3DB8E5}.Debug|Any CPU.ActiveCfg = Debug|Any CPU
		{297A8BBA-C162-457F-BC41-6D2DEE3DB8E5}.Debug|Any CPU.Build.0 = Debug|Any CPU
		{297A8BBA-C162-457F-BC41-6D2DEE3DB8E5}.Release|Any CPU.ActiveCfg = Release|Any CPU
		{297A8BBA-C162-457F-BC41-6D2DEE3DB8E5}.Release|Any CPU.Build.0 = Release|Any CPU
		{64432612-BD7C-4B0C-AEBF-5178E16E6605}.Debug|Any CPU.ActiveCfg = Debug|Any CPU
		{64432612-BD7C-4B0C-AEBF-5178E16E6605}.Debug|Any CPU.Build.0 = Debug|Any CPU
		{64432612-BD7C-4B0C-AEBF-5178E16E6605}.Release|Any CPU.ActiveCfg = Release|Any CPU
		{64432612-BD7C-4B0C-AEBF-5178E16E6605}.Release|Any CPU.Build.0 = Release|Any CPU
		{A93C6B75-C0F4-446C-AFDF-E32AE0BCAC24}.Debug|Any CPU.ActiveCfg = Debug|Any CPU
		{A93C6B75-C0F4-446C-AFDF-E32AE0BCAC24}.Debug|Any CPU.Build.0 = Debug|Any CPU
		{A93C6B75-C0F4-446C-AFDF-E32AE0BCAC24}.Release|Any CPU.ActiveCfg = Release|Any CPU
		{A93C6B75-C0F4-446C-AFDF-E32AE0BCAC24}.Release|Any CPU.Build.0 = Release|Any CPU
		{723E9EE5-C8EA-4D26-A5DD-5EEA9551902C}.Debug|Any CPU.ActiveCfg = Debug|Any CPU
		{723E9EE5-C8EA-4D26-A5DD-5EEA9551902C}.Debug|Any CPU.Build.0 = Debug|Any CPU
		{723E9EE5-C8EA-4D26-A5DD-5EEA9551902C}.Release|Any CPU.ActiveCfg = Release|Any CPU
		{723E9EE5-C8EA-4D26-A5DD-5EEA9551902C}.Release|Any CPU.Build.0 = Release|Any CPU
		{44B611FD-D6D1-4674-9281-679913B03C97}.Debug|Any CPU.ActiveCfg = Debug|Any CPU
		{44B611FD-D6D1-4674-9281-679913B03C97}.Debug|Any CPU.Build.0 = Debug|Any CPU
		{44B611FD-D6D1-4674-9281-679913B03C97}.Release|Any CPU.ActiveCfg = Release|Any CPU
		{44B611FD-D6D1-4674-9281-679913B03C97}.Release|Any CPU.Build.0 = Release|Any CPU
		{421B9CCA-53F3-4A15-AAEC-B9ACA77B9425}.Debug|Any CPU.ActiveCfg = Debug|Any CPU
		{421B9CCA-53F3-4A15-AAEC-B9ACA77B9425}.Debug|Any CPU.Build.0 = Debug|Any CPU
		{421B9CCA-53F3-4A15-AAEC-B9ACA77B9425}.Release|Any CPU.ActiveCfg = Release|Any CPU
		{421B9CCA-53F3-4A15-AAEC-B9ACA77B9425}.Release|Any CPU.Build.0 = Release|Any CPU
		{868E343F-F014-49D7-A1DC-846111914978}.Debug|Any CPU.ActiveCfg = Debug|Any CPU
		{868E343F-F014-49D7-A1DC-846111914978}.Debug|Any CPU.Build.0 = Debug|Any CPU
		{868E343F-F014-49D7-A1DC-846111914978}.Release|Any CPU.ActiveCfg = Release|Any CPU
		{868E343F-F014-49D7-A1DC-846111914978}.Release|Any CPU.Build.0 = Release|Any CPU
		{6DF4A27E-2185-40BF-A471-9F83CE4A1F87}.Debug|Any CPU.ActiveCfg = Debug|Any CPU
		{6DF4A27E-2185-40BF-A471-9F83CE4A1F87}.Debug|Any CPU.Build.0 = Debug|Any CPU
		{6DF4A27E-2185-40BF-A471-9F83CE4A1F87}.Release|Any CPU.ActiveCfg = Release|Any CPU
		{6DF4A27E-2185-40BF-A471-9F83CE4A1F87}.Release|Any CPU.Build.0 = Release|Any CPU
		{1790F003-6187-4CDA-A69D-4C8E79B5FFEB}.Debug|Any CPU.ActiveCfg = Debug|Any CPU
		{1790F003-6187-4CDA-A69D-4C8E79B5FFEB}.Debug|Any CPU.Build.0 = Debug|Any CPU
		{1790F003-6187-4CDA-A69D-4C8E79B5FFEB}.Release|Any CPU.ActiveCfg = Release|Any CPU
		{1790F003-6187-4CDA-A69D-4C8E79B5FFEB}.Release|Any CPU.Build.0 = Release|Any CPU
		{A20B2FEF-AEAC-4D99-9EA5-8BDDF37576F5}.Debug|Any CPU.ActiveCfg = Debug|Any CPU
		{A20B2FEF-AEAC-4D99-9EA5-8BDDF37576F5}.Debug|Any CPU.Build.0 = Debug|Any CPU
		{A20B2FEF-AEAC-4D99-9EA5-8BDDF37576F5}.Release|Any CPU.ActiveCfg = Release|Any CPU
		{A20B2FEF-AEAC-4D99-9EA5-8BDDF37576F5}.Release|Any CPU.Build.0 = Release|Any CPU
		{8DD5B958-D960-42E3-A7C4-2C7CED1A3C64}.Debug|Any CPU.ActiveCfg = Debug|Any CPU
		{8DD5B958-D960-42E3-A7C4-2C7CED1A3C64}.Debug|Any CPU.Build.0 = Debug|Any CPU
		{8DD5B958-D960-42E3-A7C4-2C7CED1A3C64}.Release|Any CPU.ActiveCfg = Release|Any CPU
		{8DD5B958-D960-42E3-A7C4-2C7CED1A3C64}.Release|Any CPU.Build.0 = Release|Any CPU
		{25C564BB-2202-47FB-9259-FAEDDE34DC16}.Debug|Any CPU.ActiveCfg = Debug|Any CPU
		{25C564BB-2202-47FB-9259-FAEDDE34DC16}.Debug|Any CPU.Build.0 = Debug|Any CPU
		{25C564BB-2202-47FB-9259-FAEDDE34DC16}.Release|Any CPU.ActiveCfg = Release|Any CPU
		{25C564BB-2202-47FB-9259-FAEDDE34DC16}.Release|Any CPU.Build.0 = Release|Any CPU
		{5F9619F1-08C1-424F-A5D7-AE904AAFB592}.Debug|Any CPU.ActiveCfg = Debug|Any CPU
		{5F9619F1-08C1-424F-A5D7-AE904AAFB592}.Debug|Any CPU.Build.0 = Debug|Any CPU
		{5F9619F1-08C1-424F-A5D7-AE904AAFB592}.Release|Any CPU.ActiveCfg = Release|Any CPU
		{5F9619F1-08C1-424F-A5D7-AE904AAFB592}.Release|Any CPU.Build.0 = Release|Any CPU
	EndGlobalSection
	GlobalSection(SolutionProperties) = preSolution
		HideSolutionNode = FALSE
	EndGlobalSection
	GlobalSection(ExtensibilityGlobals) = postSolution
		SolutionGuid = {21486A8B-DFBD-43F4-88A4-EC7CCB81551A}
	EndGlobalSection
EndGlobal
